// !$*UTF8*$!
{
	archiveVersion = 1;
	classes = {
	};
	objectVersion = 56;
	objects = {

/* Begin PBXBuildFile section */
		CB0E8F072C30275D00BFC010 /* GameState.swift in Sources */ = {isa = PBXBuildFile; fileRef = CB0E8F062C30275D00BFC010 /* GameState.swift */; };
		CB0E8F092C3027CE00BFC010 /* StorageGameService.swift in Sources */ = {isa = PBXBuildFile; fileRef = CB0E8F082C3027CE00BFC010 /* StorageGameService.swift */; };
		CB0E8F0C2C303C6100BFC010 /* GameRankingView.swift in Sources */ = {isa = PBXBuildFile; fileRef = CB0E8F0B2C303C6100BFC010 /* GameRankingView.swift */; };
		CB0E8F0E2C31535A00BFC010 /* CardView.swift in Sources */ = {isa = PBXBuildFile; fileRef = CB0E8F0D2C31535A00BFC010 /* CardView.swift */; };
		CB0E8F142C318F1900BFC010 /* StartSelectionView.swift in Sources */ = {isa = PBXBuildFile; fileRef = CB0E8F132C318F1900BFC010 /* StartSelectionView.swift */; };
		CB0E8F1A2C3193C800BFC010 /* ThemeSwitcherView.swift in Sources */ = {isa = PBXBuildFile; fileRef = CB0E8F192C3193C800BFC010 /* ThemeSwitcherView.swift */; };
		CB0E8F1C2C319A3000BFC010 /* ThemeManager.swift in Sources */ = {isa = PBXBuildFile; fileRef = CB0E8F1B2C319A3000BFC010 /* ThemeManager.swift */; };
		CB0E8F202C31EF3700BFC010 /* Extensions.swift in Sources */ = {isa = PBXBuildFile; fileRef = CB0E8F1F2C31EF3700BFC010 /* Extensions.swift */; };
		CB28A3A12C2D471C00F7D1FC /* MatchingPairsApp.swift in Sources */ = {isa = PBXBuildFile; fileRef = CB28A3A02C2D471C00F7D1FC /* MatchingPairsApp.swift */; };
		CB28A3A52C2D472000F7D1FC /* Assets.xcassets in Resources */ = {isa = PBXBuildFile; fileRef = CB28A3A42C2D472000F7D1FC /* Assets.xcassets */; };
		CB28A3A82C2D472000F7D1FC /* Preview Assets.xcassets in Resources */ = {isa = PBXBuildFile; fileRef = CB28A3A72C2D472000F7D1FC /* Preview Assets.xcassets */; };
		CB28A3B22C2D472400F7D1FC /* MatchingPairsTests.swift in Sources */ = {isa = PBXBuildFile; fileRef = CB28A3B12C2D472400F7D1FC /* MatchingPairsTests.swift */; };
		CB28A3BC2C2D472400F7D1FC /* MatchingPairsUITests.swift in Sources */ = {isa = PBXBuildFile; fileRef = CB28A3BB2C2D472400F7D1FC /* MatchingPairsUITests.swift */; };
		CB28A3BE2C2D472400F7D1FC /* MatchingPairsUITestsLaunchTests.swift in Sources */ = {isa = PBXBuildFile; fileRef = CB28A3BD2C2D472400F7D1FC /* MatchingPairsUITestsLaunchTests.swift */; };
		CB28A3F12C2DF1A900F7D1FC /* libMatchingCard.a in Frameworks */ = {isa = PBXBuildFile; fileRef = CB28A3F02C2DF1A900F7D1FC /* libMatchingCard.a */; };
		CB28A3F32C2DF33F00F7D1FC /* MatchingPairsView.swift in Sources */ = {isa = PBXBuildFile; fileRef = CB28A3F22C2DF33F00F7D1FC /* MatchingPairsView.swift */; };
		CB28A3F52C2E99EE00F7D1FC /* ThemeSelectionViewModel.swift in Sources */ = {isa = PBXBuildFile; fileRef = CB28A3F42C2E99EE00F7D1FC /* ThemeSelectionViewModel.swift */; };
		CB28A3FB2C2E9CA600F7D1FC /* ThemeModel.swift in Sources */ = {isa = PBXBuildFile; fileRef = CB28A3FA2C2E9CA600F7D1FC /* ThemeModel.swift */; };
		CB28A4012C2EB26200F7D1FC /* ThemeSelectionView.swift in Sources */ = {isa = PBXBuildFile; fileRef = CB28A4002C2EB26200F7D1FC /* ThemeSelectionView.swift */; };
		CB28A4032C2EB55500F7D1FC /* ErrorMessage.swift in Sources */ = {isa = PBXBuildFile; fileRef = CB28A4022C2EB55500F7D1FC /* ErrorMessage.swift */; };
		CB28A4052C2EBDE900F7D1FC /* MatchingPairsViewModel.swift in Sources */ = {isa = PBXBuildFile; fileRef = CB28A4042C2EBDE800F7D1FC /* MatchingPairsViewModel.swift */; };
		CB28A40A2C2EFB4D00F7D1FC /* TimerView.swift in Sources */ = {isa = PBXBuildFile; fileRef = CB28A4092C2EFB4D00F7D1FC /* TimerView.swift */; };
		CB28A40C2C2F0A7D00F7D1FC /* TimerViewModel.swift in Sources */ = {isa = PBXBuildFile; fileRef = CB28A40B2C2F0A7D00F7D1FC /* TimerViewModel.swift */; };
/* End PBXBuildFile section */

/* Begin PBXContainerItemProxy section */
		CB28A3AE2C2D472400F7D1FC /* PBXContainerItemProxy */ = {
			isa = PBXContainerItemProxy;
			containerPortal = CB28A3952C2D471C00F7D1FC /* Project object */;
			proxyType = 1;
			remoteGlobalIDString = CB28A39C2C2D471C00F7D1FC;
			remoteInfo = MatchingPairs;
		};
		CB28A3B82C2D472400F7D1FC /* PBXContainerItemProxy */ = {
			isa = PBXContainerItemProxy;
			containerPortal = CB28A3952C2D471C00F7D1FC /* Project object */;
			proxyType = 1;
			remoteGlobalIDString = CB28A39C2C2D471C00F7D1FC;
			remoteInfo = MatchingPairs;
		};
/* End PBXContainerItemProxy section */

/* Begin PBXFileReference section */
		CB0E8F062C30275D00BFC010 /* GameState.swift */ = {isa = PBXFileReference; lastKnownFileType = sourcecode.swift; path = GameState.swift; sourceTree = "<group>"; };
		CB0E8F082C3027CE00BFC010 /* StorageGameService.swift */ = {isa = PBXFileReference; lastKnownFileType = sourcecode.swift; path = StorageGameService.swift; sourceTree = "<group>"; };
		CB0E8F0B2C303C6100BFC010 /* GameRankingView.swift */ = {isa = PBXFileReference; lastKnownFileType = sourcecode.swift; path = GameRankingView.swift; sourceTree = "<group>"; };
		CB0E8F0D2C31535A00BFC010 /* CardView.swift */ = {isa = PBXFileReference; lastKnownFileType = sourcecode.swift; path = CardView.swift; sourceTree = "<group>"; };
		CB0E8F132C318F1900BFC010 /* StartSelectionView.swift */ = {isa = PBXFileReference; lastKnownFileType = sourcecode.swift; path = StartSelectionView.swift; sourceTree = "<group>"; };
		CB0E8F192C3193C800BFC010 /* ThemeSwitcherView.swift */ = {isa = PBXFileReference; lastKnownFileType = sourcecode.swift; path = ThemeSwitcherView.swift; sourceTree = "<group>"; };
		CB0E8F1B2C319A3000BFC010 /* ThemeManager.swift */ = {isa = PBXFileReference; lastKnownFileType = sourcecode.swift; path = ThemeManager.swift; sourceTree = "<group>"; };
		CB0E8F1F2C31EF3700BFC010 /* Extensions.swift */ = {isa = PBXFileReference; lastKnownFileType = sourcecode.swift; path = Extensions.swift; sourceTree = "<group>"; };
		CB28A39D2C2D471C00F7D1FC /* MatchingPairs.app */ = {isa = PBXFileReference; explicitFileType = wrapper.application; includeInIndex = 0; path = MatchingPairs.app; sourceTree = BUILT_PRODUCTS_DIR; };
		CB28A3A02C2D471C00F7D1FC /* MatchingPairsApp.swift */ = {isa = PBXFileReference; lastKnownFileType = sourcecode.swift; path = MatchingPairsApp.swift; sourceTree = "<group>"; };
		CB28A3A42C2D472000F7D1FC /* Assets.xcassets */ = {isa = PBXFileReference; lastKnownFileType = folder.assetcatalog; path = Assets.xcassets; sourceTree = "<group>"; };
		CB28A3A72C2D472000F7D1FC /* Preview Assets.xcassets */ = {isa = PBXFileReference; lastKnownFileType = folder.assetcatalog; path = "Preview Assets.xcassets"; sourceTree = "<group>"; };
		CB28A3AD2C2D472400F7D1FC /* MatchingPairsTests.xctest */ = {isa = PBXFileReference; explicitFileType = wrapper.cfbundle; includeInIndex = 0; path = MatchingPairsTests.xctest; sourceTree = BUILT_PRODUCTS_DIR; };
		CB28A3B12C2D472400F7D1FC /* MatchingPairsTests.swift */ = {isa = PBXFileReference; lastKnownFileType = sourcecode.swift; path = MatchingPairsTests.swift; sourceTree = "<group>"; };
		CB28A3B72C2D472400F7D1FC /* MatchingPairsUITests.xctest */ = {isa = PBXFileReference; explicitFileType = wrapper.cfbundle; includeInIndex = 0; path = MatchingPairsUITests.xctest; sourceTree = BUILT_PRODUCTS_DIR; };
		CB28A3BB2C2D472400F7D1FC /* MatchingPairsUITests.swift */ = {isa = PBXFileReference; lastKnownFileType = sourcecode.swift; path = MatchingPairsUITests.swift; sourceTree = "<group>"; };
		CB28A3BD2C2D472400F7D1FC /* MatchingPairsUITestsLaunchTests.swift */ = {isa = PBXFileReference; lastKnownFileType = sourcecode.swift; path = MatchingPairsUITestsLaunchTests.swift; sourceTree = "<group>"; };
		CB28A3F02C2DF1A900F7D1FC /* libMatchingCard.a */ = {isa = PBXFileReference; lastKnownFileType = archive.ar; name = libMatchingCard.a; path = "../../../Library/Developer/Xcode/DerivedData/MatchingCard-cchuswheravdlkahjdiktexcjfrh/Build/Products/Debug-iphonesimulator/libMatchingCard.a"; sourceTree = "<group>"; };
		CB28A3F22C2DF33F00F7D1FC /* MatchingPairsView.swift */ = {isa = PBXFileReference; lastKnownFileType = sourcecode.swift; path = MatchingPairsView.swift; sourceTree = "<group>"; };
		CB28A3F42C2E99EE00F7D1FC /* ThemeSelectionViewModel.swift */ = {isa = PBXFileReference; lastKnownFileType = sourcecode.swift; path = ThemeSelectionViewModel.swift; sourceTree = "<group>"; };
		CB28A3FA2C2E9CA600F7D1FC /* ThemeModel.swift */ = {isa = PBXFileReference; lastKnownFileType = sourcecode.swift; path = ThemeModel.swift; sourceTree = "<group>"; };
		CB28A4002C2EB26200F7D1FC /* ThemeSelectionView.swift */ = {isa = PBXFileReference; lastKnownFileType = sourcecode.swift; path = ThemeSelectionView.swift; sourceTree = "<group>"; };
		CB28A4022C2EB55500F7D1FC /* ErrorMessage.swift */ = {isa = PBXFileReference; lastKnownFileType = sourcecode.swift; path = ErrorMessage.swift; sourceTree = "<group>"; };
		CB28A4042C2EBDE800F7D1FC /* MatchingPairsViewModel.swift */ = {isa = PBXFileReference; lastKnownFileType = sourcecode.swift; path = MatchingPairsViewModel.swift; sourceTree = "<group>"; };
		CB28A4092C2EFB4D00F7D1FC /* TimerView.swift */ = {isa = PBXFileReference; lastKnownFileType = sourcecode.swift; path = TimerView.swift; sourceTree = "<group>"; };
		CB28A40B2C2F0A7D00F7D1FC /* TimerViewModel.swift */ = {isa = PBXFileReference; lastKnownFileType = sourcecode.swift; path = TimerViewModel.swift; sourceTree = "<group>"; };
/* End PBXFileReference section */

/* Begin PBXFrameworksBuildPhase section */
		CB28A39A2C2D471C00F7D1FC /* Frameworks */ = {
			isa = PBXFrameworksBuildPhase;
			buildActionMask = 2147483647;
			files = (
				CB28A3F12C2DF1A900F7D1FC /* libMatchingCard.a in Frameworks */,
			);
			runOnlyForDeploymentPostprocessing = 0;
		};
		CB28A3AA2C2D472400F7D1FC /* Frameworks */ = {
			isa = PBXFrameworksBuildPhase;
			buildActionMask = 2147483647;
			files = (
			);
			runOnlyForDeploymentPostprocessing = 0;
		};
		CB28A3B42C2D472400F7D1FC /* Frameworks */ = {
			isa = PBXFrameworksBuildPhase;
			buildActionMask = 2147483647;
			files = (
			);
			runOnlyForDeploymentPostprocessing = 0;
		};
/* End PBXFrameworksBuildPhase section */

/* Begin PBXGroup section */
		CB0E8F0A2C303C4D00BFC010 /* GameRanking */ = {
			isa = PBXGroup;
			children = (
				CB0E8F0B2C303C6100BFC010 /* GameRankingView.swift */,
			);
			path = GameRanking;
			sourceTree = "<group>";
		};
		CB0E8F152C3192BD00BFC010 /* StartSelection */ = {
			isa = PBXGroup;
			children = (
				CB0E8F132C318F1900BFC010 /* StartSelectionView.swift */,
				CB0E8F192C3193C800BFC010 /* ThemeSwitcherView.swift */,
			);
			path = StartSelection;
			sourceTree = "<group>";
		};
		CB28A3942C2D471C00F7D1FC = {
			isa = PBXGroup;
			children = (
				CB28A39F2C2D471C00F7D1FC /* MatchingPairs */,
				CB28A3B02C2D472400F7D1FC /* MatchingPairsTests */,
				CB28A3BA2C2D472400F7D1FC /* MatchingPairsUITests */,
				CB28A39E2C2D471C00F7D1FC /* Products */,
				CB28A3E32C2DE6A300F7D1FC /* Frameworks */,
			);
			sourceTree = "<group>";
		};
		CB28A39E2C2D471C00F7D1FC /* Products */ = {
			isa = PBXGroup;
			children = (
				CB28A39D2C2D471C00F7D1FC /* MatchingPairs.app */,
				CB28A3AD2C2D472400F7D1FC /* MatchingPairsTests.xctest */,
				CB28A3B72C2D472400F7D1FC /* MatchingPairsUITests.xctest */,
			);
			name = Products;
			sourceTree = "<group>";
		};
		CB28A39F2C2D471C00F7D1FC /* MatchingPairs */ = {
			isa = PBXGroup;
			children = (
				CB0E8F152C3192BD00BFC010 /* StartSelection */,
				CB0E8F0A2C303C4D00BFC010 /* GameRanking */,
				CB28A4082C2EFB3D00F7D1FC /* Timer */,
				CB28A3FF2C2EB24600F7D1FC /* ThemeSelection */,
				CB28A3FE2C2EAA7D00F7D1FC /* Model */,
				CB28A3F92C2E9BD800F7D1FC /* Game */,
				CB28A3A02C2D471C00F7D1FC /* MatchingPairsApp.swift */,
				CB28A3A42C2D472000F7D1FC /* Assets.xcassets */,
				CB28A3A62C2D472000F7D1FC /* Preview Content */,
				CB0E8F082C3027CE00BFC010 /* StorageGameService.swift */,
				CB0E8F1B2C319A3000BFC010 /* ThemeManager.swift */,
				CB0E8F1F2C31EF3700BFC010 /* Extensions.swift */,
			);
			path = MatchingPairs;
			sourceTree = "<group>";
		};
		CB28A3A62C2D472000F7D1FC /* Preview Content */ = {
			isa = PBXGroup;
			children = (
				CB28A3A72C2D472000F7D1FC /* Preview Assets.xcassets */,
			);
			path = "Preview Content";
			sourceTree = "<group>";
		};
		CB28A3B02C2D472400F7D1FC /* MatchingPairsTests */ = {
			isa = PBXGroup;
			children = (
				CB28A3B12C2D472400F7D1FC /* MatchingPairsTests.swift */,
			);
			path = MatchingPairsTests;
			sourceTree = "<group>";
		};
		CB28A3BA2C2D472400F7D1FC /* MatchingPairsUITests */ = {
			isa = PBXGroup;
			children = (
				CB28A3BB2C2D472400F7D1FC /* MatchingPairsUITests.swift */,
				CB28A3BD2C2D472400F7D1FC /* MatchingPairsUITestsLaunchTests.swift */,
			);
			path = MatchingPairsUITests;
			sourceTree = "<group>";
		};
		CB28A3E32C2DE6A300F7D1FC /* Frameworks */ = {
			isa = PBXGroup;
			children = (
				CB28A3F02C2DF1A900F7D1FC /* libMatchingCard.a */,
			);
			name = Frameworks;
			sourceTree = "<group>";
		};
		CB28A3F92C2E9BD800F7D1FC /* Game */ = {
			isa = PBXGroup;
			children = (
				CB28A3F22C2DF33F00F7D1FC /* MatchingPairsView.swift */,
				CB28A4042C2EBDE800F7D1FC /* MatchingPairsViewModel.swift */,
			);
			path = Game;
			sourceTree = "<group>";
		};
		CB28A3FE2C2EAA7D00F7D1FC /* Model */ = {
			isa = PBXGroup;
			children = (
				CB28A3FA2C2E9CA600F7D1FC /* ThemeModel.swift */,
				CB28A4022C2EB55500F7D1FC /* ErrorMessage.swift */,
				CB0E8F062C30275D00BFC010 /* GameState.swift */,
				CB0E8F0D2C31535A00BFC010 /* CardView.swift */,
			);
			path = Model;
			sourceTree = "<group>";
		};
		CB28A3FF2C2EB24600F7D1FC /* ThemeSelection */ = {
			isa = PBXGroup;
			children = (
				CB28A4002C2EB26200F7D1FC /* ThemeSelectionView.swift */,
				CB28A3F42C2E99EE00F7D1FC /* ThemeSelectionViewModel.swift */,
			);
			path = ThemeSelection;
			sourceTree = "<group>";
		};
		CB28A4082C2EFB3D00F7D1FC /* Timer */ = {
			isa = PBXGroup;
			children = (
				CB28A4092C2EFB4D00F7D1FC /* TimerView.swift */,
				CB28A40B2C2F0A7D00F7D1FC /* TimerViewModel.swift */,
			);
			path = Timer;
			sourceTree = "<group>";
		};
/* End PBXGroup section */

/* Begin PBXNativeTarget section */
		CB28A39C2C2D471C00F7D1FC /* MatchingPairs */ = {
			isa = PBXNativeTarget;
			buildConfigurationList = CB28A3C12C2D472400F7D1FC /* Build configuration list for PBXNativeTarget "MatchingPairs" */;
			buildPhases = (
				CB28A3992C2D471C00F7D1FC /* Sources */,
				CB28A39A2C2D471C00F7D1FC /* Frameworks */,
				CB28A39B2C2D471C00F7D1FC /* Resources */,
			);
			buildRules = (
			);
			dependencies = (
			);
			name = MatchingPairs;
			productName = MatchingPairs;
			productReference = CB28A39D2C2D471C00F7D1FC /* MatchingPairs.app */;
			productType = "com.apple.product-type.application";
		};
		CB28A3AC2C2D472400F7D1FC /* MatchingPairsTests */ = {
			isa = PBXNativeTarget;
			buildConfigurationList = CB28A3C42C2D472400F7D1FC /* Build configuration list for PBXNativeTarget "MatchingPairsTests" */;
			buildPhases = (
				CB28A3A92C2D472400F7D1FC /* Sources */,
				CB28A3AA2C2D472400F7D1FC /* Frameworks */,
				CB28A3AB2C2D472400F7D1FC /* Resources */,
			);
			buildRules = (
			);
			dependencies = (
				CB28A3AF2C2D472400F7D1FC /* PBXTargetDependency */,
			);
			name = MatchingPairsTests;
			productName = MatchingPairsTests;
			productReference = CB28A3AD2C2D472400F7D1FC /* MatchingPairsTests.xctest */;
			productType = "com.apple.product-type.bundle.unit-test";
		};
		CB28A3B62C2D472400F7D1FC /* MatchingPairsUITests */ = {
			isa = PBXNativeTarget;
			buildConfigurationList = CB28A3C72C2D472400F7D1FC /* Build configuration list for PBXNativeTarget "MatchingPairsUITests" */;
			buildPhases = (
				CB28A3B32C2D472400F7D1FC /* Sources */,
				CB28A3B42C2D472400F7D1FC /* Frameworks */,
				CB28A3B52C2D472400F7D1FC /* Resources */,
			);
			buildRules = (
			);
			dependencies = (
				CB28A3B92C2D472400F7D1FC /* PBXTargetDependency */,
			);
			name = MatchingPairsUITests;
			productName = MatchingPairsUITests;
			productReference = CB28A3B72C2D472400F7D1FC /* MatchingPairsUITests.xctest */;
			productType = "com.apple.product-type.bundle.ui-testing";
		};
/* End PBXNativeTarget section */

/* Begin PBXProject section */
		CB28A3952C2D471C00F7D1FC /* Project object */ = {
			isa = PBXProject;
			attributes = {
				BuildIndependentTargetsInParallel = 1;
				LastSwiftUpdateCheck = 1530;
				LastUpgradeCheck = 1530;
				TargetAttributes = {
					CB28A39C2C2D471C00F7D1FC = {
						CreatedOnToolsVersion = 15.3;
					};
					CB28A3AC2C2D472400F7D1FC = {
						CreatedOnToolsVersion = 15.3;
						TestTargetID = CB28A39C2C2D471C00F7D1FC;
					};
					CB28A3B62C2D472400F7D1FC = {
						CreatedOnToolsVersion = 15.3;
						TestTargetID = CB28A39C2C2D471C00F7D1FC;
					};
				};
			};
			buildConfigurationList = CB28A3982C2D471C00F7D1FC /* Build configuration list for PBXProject "MatchingPairs" */;
			compatibilityVersion = "Xcode 14.0";
			developmentRegion = en;
			hasScannedForEncodings = 0;
			knownRegions = (
				en,
				Base,
			);
			mainGroup = CB28A3942C2D471C00F7D1FC;
			productRefGroup = CB28A39E2C2D471C00F7D1FC /* Products */;
			projectDirPath = "";
			projectRoot = "";
			targets = (
				CB28A39C2C2D471C00F7D1FC /* MatchingPairs */,
				CB28A3AC2C2D472400F7D1FC /* MatchingPairsTests */,
				CB28A3B62C2D472400F7D1FC /* MatchingPairsUITests */,
			);
		};
/* End PBXProject section */

/* Begin PBXResourcesBuildPhase section */
		CB28A39B2C2D471C00F7D1FC /* Resources */ = {
			isa = PBXResourcesBuildPhase;
			buildActionMask = 2147483647;
			files = (
				CB28A3A82C2D472000F7D1FC /* Preview Assets.xcassets in Resources */,
				CB28A3A52C2D472000F7D1FC /* Assets.xcassets in Resources */,
			);
			runOnlyForDeploymentPostprocessing = 0;
		};
		CB28A3AB2C2D472400F7D1FC /* Resources */ = {
			isa = PBXResourcesBuildPhase;
			buildActionMask = 2147483647;
			files = (
			);
			runOnlyForDeploymentPostprocessing = 0;
		};
		CB28A3B52C2D472400F7D1FC /* Resources */ = {
			isa = PBXResourcesBuildPhase;
			buildActionMask = 2147483647;
			files = (
			);
			runOnlyForDeploymentPostprocessing = 0;
		};
/* End PBXResourcesBuildPhase section */

/* Begin PBXSourcesBuildPhase section */
		CB28A3992C2D471C00F7D1FC /* Sources */ = {
			isa = PBXSourcesBuildPhase;
			buildActionMask = 2147483647;
			files = (
				CB28A3FB2C2E9CA600F7D1FC /* ThemeModel.swift in Sources */,
				CB28A3F52C2E99EE00F7D1FC /* ThemeSelectionViewModel.swift in Sources */,
				CB28A40C2C2F0A7D00F7D1FC /* TimerViewModel.swift in Sources */,
				CB0E8F0E2C31535A00BFC010 /* CardView.swift in Sources */,
				CB28A4032C2EB55500F7D1FC /* ErrorMessage.swift in Sources */,
				CB0E8F142C318F1900BFC010 /* StartSelectionView.swift in Sources */,
				CB28A40A2C2EFB4D00F7D1FC /* TimerView.swift in Sources */,
				CB0E8F0C2C303C6100BFC010 /* GameRankingView.swift in Sources */,
				CB0E8F1A2C3193C800BFC010 /* ThemeSwitcherView.swift in Sources */,
				CB0E8F1C2C319A3000BFC010 /* ThemeManager.swift in Sources */,
				CB0E8F092C3027CE00BFC010 /* StorageGameService.swift in Sources */,
				CB28A3A12C2D471C00F7D1FC /* MatchingPairsApp.swift in Sources */,
				CB28A4052C2EBDE900F7D1FC /* MatchingPairsViewModel.swift in Sources */,
				CB0E8F072C30275D00BFC010 /* GameState.swift in Sources */,
				CB0E8F202C31EF3700BFC010 /* Extensions.swift in Sources */,
				CB28A3F32C2DF33F00F7D1FC /* MatchingPairsView.swift in Sources */,
				CB28A4012C2EB26200F7D1FC /* ThemeSelectionView.swift in Sources */,
			);
			runOnlyForDeploymentPostprocessing = 0;
		};
		CB28A3A92C2D472400F7D1FC /* Sources */ = {
			isa = PBXSourcesBuildPhase;
			buildActionMask = 2147483647;
			files = (
				CB28A3B22C2D472400F7D1FC /* MatchingPairsTests.swift in Sources */,
			);
			runOnlyForDeploymentPostprocessing = 0;
		};
		CB28A3B32C2D472400F7D1FC /* Sources */ = {
			isa = PBXSourcesBuildPhase;
			buildActionMask = 2147483647;
			files = (
				CB28A3BC2C2D472400F7D1FC /* MatchingPairsUITests.swift in Sources */,
				CB28A3BE2C2D472400F7D1FC /* MatchingPairsUITestsLaunchTests.swift in Sources */,
			);
			runOnlyForDeploymentPostprocessing = 0;
		};
/* End PBXSourcesBuildPhase section */

/* Begin PBXTargetDependency section */
		CB28A3AF2C2D472400F7D1FC /* PBXTargetDependency */ = {
			isa = PBXTargetDependency;
			target = CB28A39C2C2D471C00F7D1FC /* MatchingPairs */;
			targetProxy = CB28A3AE2C2D472400F7D1FC /* PBXContainerItemProxy */;
		};
		CB28A3B92C2D472400F7D1FC /* PBXTargetDependency */ = {
			isa = PBXTargetDependency;
			target = CB28A39C2C2D471C00F7D1FC /* MatchingPairs */;
			targetProxy = CB28A3B82C2D472400F7D1FC /* PBXContainerItemProxy */;
		};
/* End PBXTargetDependency section */

/* Begin XCBuildConfiguration section */
		CB28A3BF2C2D472400F7D1FC /* Debug */ = {
			isa = XCBuildConfiguration;
			buildSettings = {
				ALWAYS_SEARCH_USER_PATHS = NO;
				ASSETCATALOG_COMPILER_GENERATE_SWIFT_ASSET_SYMBOL_EXTENSIONS = YES;
				CLANG_ANALYZER_NONNULL = YES;
				CLANG_ANALYZER_NUMBER_OBJECT_CONVERSION = YES_AGGRESSIVE;
				CLANG_CXX_LANGUAGE_STANDARD = "gnu++20";
				CLANG_ENABLE_MODULES = YES;
				CLANG_ENABLE_OBJC_ARC = YES;
				CLANG_ENABLE_OBJC_WEAK = YES;
				CLANG_WARN_BLOCK_CAPTURE_AUTORELEASING = YES;
				CLANG_WARN_BOOL_CONVERSION = YES;
				CLANG_WARN_COMMA = YES;
				CLANG_WARN_CONSTANT_CONVERSION = YES;
				CLANG_WARN_DEPRECATED_OBJC_IMPLEMENTATIONS = YES;
				CLANG_WARN_DIRECT_OBJC_ISA_USAGE = YES_ERROR;
				CLANG_WARN_DOCUMENTATION_COMMENTS = YES;
				CLANG_WARN_EMPTY_BODY = YES;
				CLANG_WARN_ENUM_CONVERSION = YES;
				CLANG_WARN_INFINITE_RECURSION = YES;
				CLANG_WARN_INT_CONVERSION = YES;
				CLANG_WARN_NON_LITERAL_NULL_CONVERSION = YES;
				CLANG_WARN_OBJC_IMPLICIT_RETAIN_SELF = YES;
				CLANG_WARN_OBJC_LITERAL_CONVERSION = YES;
				CLANG_WARN_OBJC_ROOT_CLASS = YES_ERROR;
				CLANG_WARN_QUOTED_INCLUDE_IN_FRAMEWORK_HEADER = YES;
				CLANG_WARN_RANGE_LOOP_ANALYSIS = YES;
				CLANG_WARN_STRICT_PROTOTYPES = YES;
				CLANG_WARN_SUSPICIOUS_MOVE = YES;
				CLANG_WARN_UNGUARDED_AVAILABILITY = YES_AGGRESSIVE;
				CLANG_WARN_UNREACHABLE_CODE = YES;
				CLANG_WARN__DUPLICATE_METHOD_MATCH = YES;
				COPY_PHASE_STRIP = NO;
				DEBUG_INFORMATION_FORMAT = dwarf;
				ENABLE_STRICT_OBJC_MSGSEND = YES;
				ENABLE_TESTABILITY = YES;
				ENABLE_USER_SCRIPT_SANDBOXING = YES;
				GCC_C_LANGUAGE_STANDARD = gnu17;
				GCC_DYNAMIC_NO_PIC = NO;
				GCC_NO_COMMON_BLOCKS = YES;
				GCC_OPTIMIZATION_LEVEL = 0;
				GCC_PREPROCESSOR_DEFINITIONS = (
					"DEBUG=1",
					"$(inherited)",
				);
				GCC_WARN_64_TO_32_BIT_CONVERSION = YES;
				GCC_WARN_ABOUT_RETURN_TYPE = YES_ERROR;
				GCC_WARN_UNDECLARED_SELECTOR = YES;
				GCC_WARN_UNINITIALIZED_AUTOS = YES_AGGRESSIVE;
				GCC_WARN_UNUSED_FUNCTION = YES;
				GCC_WARN_UNUSED_VARIABLE = YES;
				IPHONEOS_DEPLOYMENT_TARGET = 17.4;
				LOCALIZATION_PREFERS_STRING_CATALOGS = YES;
				MTL_ENABLE_DEBUG_INFO = INCLUDE_SOURCE;
				MTL_FAST_MATH = YES;
				ONLY_ACTIVE_ARCH = YES;
				SDKROOT = iphoneos;
				SWIFT_ACTIVE_COMPILATION_CONDITIONS = "DEBUG $(inherited)";
				SWIFT_OPTIMIZATION_LEVEL = "-Onone";
			};
			name = Debug;
		};
		CB28A3C02C2D472400F7D1FC /* Release */ = {
			isa = XCBuildConfiguration;
			buildSettings = {
				ALWAYS_SEARCH_USER_PATHS = NO;
				ASSETCATALOG_COMPILER_GENERATE_SWIFT_ASSET_SYMBOL_EXTENSIONS = YES;
				CLANG_ANALYZER_NONNULL = YES;
				CLANG_ANALYZER_NUMBER_OBJECT_CONVERSION = YES_AGGRESSIVE;
				CLANG_CXX_LANGUAGE_STANDARD = "gnu++20";
				CLANG_ENABLE_MODULES = YES;
				CLANG_ENABLE_OBJC_ARC = YES;
				CLANG_ENABLE_OBJC_WEAK = YES;
				CLANG_WARN_BLOCK_CAPTURE_AUTORELEASING = YES;
				CLANG_WARN_BOOL_CONVERSION = YES;
				CLANG_WARN_COMMA = YES;
				CLANG_WARN_CONSTANT_CONVERSION = YES;
				CLANG_WARN_DEPRECATED_OBJC_IMPLEMENTATIONS = YES;
				CLANG_WARN_DIRECT_OBJC_ISA_USAGE = YES_ERROR;
				CLANG_WARN_DOCUMENTATION_COMMENTS = YES;
				CLANG_WARN_EMPTY_BODY = YES;
				CLANG_WARN_ENUM_CONVERSION = YES;
				CLANG_WARN_INFINITE_RECURSION = YES;
				CLANG_WARN_INT_CONVERSION = YES;
				CLANG_WARN_NON_LITERAL_NULL_CONVERSION = YES;
				CLANG_WARN_OBJC_IMPLICIT_RETAIN_SELF = YES;
				CLANG_WARN_OBJC_LITERAL_CONVERSION = YES;
				CLANG_WARN_OBJC_ROOT_CLASS = YES_ERROR;
				CLANG_WARN_QUOTED_INCLUDE_IN_FRAMEWORK_HEADER = YES;
				CLANG_WARN_RANGE_LOOP_ANALYSIS = YES;
				CLANG_WARN_STRICT_PROTOTYPES = YES;
				CLANG_WARN_SUSPICIOUS_MOVE = YES;
				CLANG_WARN_UNGUARDED_AVAILABILITY = YES_AGGRESSIVE;
				CLANG_WARN_UNREACHABLE_CODE = YES;
				CLANG_WARN__DUPLICATE_METHOD_MATCH = YES;
				COPY_PHASE_STRIP = NO;
				DEBUG_INFORMATION_FORMAT = "dwarf-with-dsym";
				ENABLE_NS_ASSERTIONS = NO;
				ENABLE_STRICT_OBJC_MSGSEND = YES;
				ENABLE_USER_SCRIPT_SANDBOXING = YES;
				GCC_C_LANGUAGE_STANDARD = gnu17;
				GCC_NO_COMMON_BLOCKS = YES;
				GCC_WARN_64_TO_32_BIT_CONVERSION = YES;
				GCC_WARN_ABOUT_RETURN_TYPE = YES_ERROR;
				GCC_WARN_UNDECLARED_SELECTOR = YES;
				GCC_WARN_UNINITIALIZED_AUTOS = YES_AGGRESSIVE;
				GCC_WARN_UNUSED_FUNCTION = YES;
				GCC_WARN_UNUSED_VARIABLE = YES;
				IPHONEOS_DEPLOYMENT_TARGET = 17.4;
				LOCALIZATION_PREFERS_STRING_CATALOGS = YES;
				MTL_ENABLE_DEBUG_INFO = NO;
				MTL_FAST_MATH = YES;
				SDKROOT = iphoneos;
				SWIFT_COMPILATION_MODE = wholemodule;
				VALIDATE_PRODUCT = YES;
			};
			name = Release;
		};
		CB28A3C22C2D472400F7D1FC /* Debug */ = {
			isa = XCBuildConfiguration;
			buildSettings = {
				ASSETCATALOG_COMPILER_APPICON_NAME = AppIcon;
				ASSETCATALOG_COMPILER_GLOBAL_ACCENT_COLOR_NAME = AccentColor;
				CODE_SIGN_STYLE = Automatic;
				CURRENT_PROJECT_VERSION = 1;
				DEVELOPMENT_ASSET_PATHS = "\"MatchingPairs/Preview Content\"";
				DEVELOPMENT_TEAM = X8ZABCLRBR;
				ENABLE_PREVIEWS = YES;
				GENERATE_INFOPLIST_FILE = YES;
				INFOPLIST_KEY_UIApplicationSceneManifest_Generation = YES;
				INFOPLIST_KEY_UIApplicationSupportsIndirectInputEvents = YES;
				INFOPLIST_KEY_UILaunchScreen_Generation = YES;
				INFOPLIST_KEY_UISupportedInterfaceOrientations_iPad = "UIInterfaceOrientationPortrait UIInterfaceOrientationPortraitUpsideDown UIInterfaceOrientationLandscapeLeft UIInterfaceOrientationLandscapeRight";
				INFOPLIST_KEY_UISupportedInterfaceOrientations_iPhone = "UIInterfaceOrientationPortrait UIInterfaceOrientationLandscapeLeft UIInterfaceOrientationLandscapeRight";
				IPHONEOS_DEPLOYMENT_TARGET = 15.0;
				LD_RUNPATH_SEARCH_PATHS = (
					"$(inherited)",
					"@executable_path/Frameworks",
				);
				LIBRARY_SEARCH_PATHS = "/Users/elenadianamorosanu/Library/Developer/Xcode/DerivedData/MatchingCard-cchuswheravdlkahjdiktexcjfrh/Build/Products/Debug-iphonesimulator";
				MARKETING_VERSION = 1.0;
				PRODUCT_BUNDLE_IDENTIFIER = Diana.Morosanu.MatchingPairs;
				PRODUCT_NAME = "$(TARGET_NAME)";
				SWIFT_EMIT_LOC_STRINGS = YES;
				SWIFT_INCLUDE_PATHS = "/Users/elenadianamorosanu/Library/Developer/Xcode/DerivedData/MatchingCard-cchuswheravdlkahjdiktexcjfrh/Build/Products/Debug-iphonesimulator";
				SWIFT_VERSION = 5.0;
				TARGETED_DEVICE_FAMILY = "1,2";
			};
			name = Debug;
		};
		CB28A3C32C2D472400F7D1FC /* Release */ = {
			isa = XCBuildConfiguration;
			buildSettings = {
				ASSETCATALOG_COMPILER_APPICON_NAME = AppIcon;
				ASSETCATALOG_COMPILER_GLOBAL_ACCENT_COLOR_NAME = AccentColor;
				CODE_SIGN_STYLE = Automatic;
				CURRENT_PROJECT_VERSION = 1;
				DEVELOPMENT_ASSET_PATHS = "\"MatchingPairs/Preview Content\"";
				DEVELOPMENT_TEAM = X8ZABCLRBR;
				ENABLE_PREVIEWS = YES;
				GENERATE_INFOPLIST_FILE = YES;
				INFOPLIST_KEY_UIApplicationSceneManifest_Generation = YES;
				INFOPLIST_KEY_UIApplicationSupportsIndirectInputEvents = YES;
				INFOPLIST_KEY_UILaunchScreen_Generation = YES;
				INFOPLIST_KEY_UISupportedInterfaceOrientations_iPad = "UIInterfaceOrientationPortrait UIInterfaceOrientationPortraitUpsideDown UIInterfaceOrientationLandscapeLeft UIInterfaceOrientationLandscapeRight";
				INFOPLIST_KEY_UISupportedInterfaceOrientations_iPhone = "UIInterfaceOrientationPortrait UIInterfaceOrientationLandscapeLeft UIInterfaceOrientationLandscapeRight";
				IPHONEOS_DEPLOYMENT_TARGET = 15.0;
				LD_RUNPATH_SEARCH_PATHS = (
					"$(inherited)",
					"@executable_path/Frameworks",
				);
				LIBRARY_SEARCH_PATHS = "/Users/elenadianamorosanu/Library/Developer/Xcode/DerivedData/MatchingCard-cchuswheravdlkahjdiktexcjfrh/Build/Products/Debug-iphonesimulator";
				MARKETING_VERSION = 1.0;
				PRODUCT_BUNDLE_IDENTIFIER = Diana.Morosanu.MatchingPairs;
				PRODUCT_NAME = "$(TARGET_NAME)";
				SWIFT_EMIT_LOC_STRINGS = YES;
				SWIFT_INCLUDE_PATHS = "/Users/elenadianamorosanu/Library/Developer/Xcode/DerivedData/MatchingCard-cchuswheravdlkahjdiktexcjfrh/Build/Products/Debug-iphonesimulator";
				SWIFT_VERSION = 5.0;
				TARGETED_DEVICE_FAMILY = "1,2";
			};
			name = Release;
		};
		CB28A3C52C2D472400F7D1FC /* Debug */ = {
			isa = XCBuildConfiguration;
			buildSettings = {
				ALWAYS_EMBED_SWIFT_STANDARD_LIBRARIES = YES;
				BUNDLE_LOADER = "$(TEST_HOST)";
				CODE_SIGN_STYLE = Automatic;
				CURRENT_PROJECT_VERSION = 1;
				DEVELOPMENT_TEAM = X8ZABCLRBR;
				GENERATE_INFOPLIST_FILE = YES;
				IPHONEOS_DEPLOYMENT_TARGET = 17.4;
				MARKETING_VERSION = 1.0;
				PRODUCT_BUNDLE_IDENTIFIER = Diana.Morosanu.MatchingPairsTests;
				PRODUCT_NAME = "$(TARGET_NAME)";
				SWIFT_EMIT_LOC_STRINGS = NO;
				SWIFT_VERSION = 5.0;
				TARGETED_DEVICE_FAMILY = "1,2";
				TEST_HOST = "$(BUILT_PRODUCTS_DIR)/MatchingPairs.app/$(BUNDLE_EXECUTABLE_FOLDER_PATH)/MatchingPairs";
			};
			name = Debug;
		};
		CB28A3C62C2D472400F7D1FC /* Release */ = {
			isa = XCBuildConfiguration;
			buildSettings = {
				ALWAYS_EMBED_SWIFT_STANDARD_LIBRARIES = YES;
				BUNDLE_LOADER = "$(TEST_HOST)";
				CODE_SIGN_STYLE = Automatic;
				CURRENT_PROJECT_VERSION = 1;
				DEVELOPMENT_TEAM = X8ZABCLRBR;
				GENERATE_INFOPLIST_FILE = YES;
				IPHONEOS_DEPLOYMENT_TARGET = 17.4;
				MARKETING_VERSION = 1.0;
				PRODUCT_BUNDLE_IDENTIFIER = Diana.Morosanu.MatchingPairsTests;
				PRODUCT_NAME = "$(TARGET_NAME)";
				SWIFT_EMIT_LOC_STRINGS = NO;
				SWIFT_VERSION = 5.0;
				TARGETED_DEVICE_FAMILY = "1,2";
				TEST_HOST = "$(BUILT_PRODUCTS_DIR)/MatchingPairs.app/$(BUNDLE_EXECUTABLE_FOLDER_PATH)/MatchingPairs";
			};
			name = Release;
		};
		CB28A3C82C2D472400F7D1FC /* Debug */ = {
			isa = XCBuildConfiguration;
			buildSettings = {
				ALWAYS_EMBED_SWIFT_STANDARD_LIBRARIES = YES;
				CODE_SIGN_STYLE = Automatic;
				CURRENT_PROJECT_VERSION = 1;
				DEVELOPMENT_TEAM = X8ZABCLRBR;
				GENERATE_INFOPLIST_FILE = YES;
				MARKETING_VERSION = 1.0;
				PRODUCT_BUNDLE_IDENTIFIER = Diana.Morosanu.MatchingPairsUITests;
				PRODUCT_NAME = "$(TARGET_NAME)";
				SWIFT_EMIT_LOC_STRINGS = NO;
				SWIFT_VERSION = 5.0;
				TARGETED_DEVICE_FAMILY = "1,2";
				TEST_TARGET_NAME = MatchingPairs;
			};
			name = Debug;
		};
		CB28A3C92C2D472400F7D1FC /* Release */ = {
			isa = XCBuildConfiguration;
			buildSettings = {
				ALWAYS_EMBED_SWIFT_STANDARD_LIBRARIES = YES;
				CODE_SIGN_STYLE = Automatic;
				CURRENT_PROJECT_VERSION = 1;
				DEVELOPMENT_TEAM = X8ZABCLRBR;
				GENERATE_INFOPLIST_FILE = YES;
				MARKETING_VERSION = 1.0;
				PRODUCT_BUNDLE_IDENTIFIER = Diana.Morosanu.MatchingPairsUITests;
				PRODUCT_NAME = "$(TARGET_NAME)";
				SWIFT_EMIT_LOC_STRINGS = NO;
				SWIFT_VERSION = 5.0;
				TARGETED_DEVICE_FAMILY = "1,2";
				TEST_TARGET_NAME = MatchingPairs;
			};
			name = Release;
		};
/* End XCBuildConfiguration section */

/* Begin XCConfigurationList section */
		CB28A3982C2D471C00F7D1FC /* Build configuration list for PBXProject "MatchingPairs" */ = {
			isa = XCConfigurationList;
			buildConfigurations = (
				CB28A3BF2C2D472400F7D1FC /* Debug */,
				CB28A3C02C2D472400F7D1FC /* Release */,
			);
			defaultConfigurationIsVisible = 0;
			defaultConfigurationName = Release;
		};
		CB28A3C12C2D472400F7D1FC /* Build configuration list for PBXNativeTarget "MatchingPairs" */ = {
			isa = XCConfigurationList;
			buildConfigurations = (
				CB28A3C22C2D472400F7D1FC /* Debug */,
				CB28A3C32C2D472400F7D1FC /* Release */,
			);
			defaultConfigurationIsVisible = 0;
			defaultConfigurationName = Release;
		};
		CB28A3C42C2D472400F7D1FC /* Build configuration list for PBXNativeTarget "MatchingPairsTests" */ = {
			isa = XCConfigurationList;
			buildConfigurations = (
				CB28A3C52C2D472400F7D1FC /* Debug */,
				CB28A3C62C2D472400F7D1FC /* Release */,
			);
			defaultConfigurationIsVisible = 0;
			defaultConfigurationName = Release;
		};
		CB28A3C72C2D472400F7D1FC /* Build configuration list for PBXNativeTarget "MatchingPairsUITests" */ = {
			isa = XCConfigurationList;
			buildConfigurations = (
				CB28A3C82C2D472400F7D1FC /* Debug */,
				CB28A3C92C2D472400F7D1FC /* Release */,
			);
			defaultConfigurationIsVisible = 0;
			defaultConfigurationName = Release;
		};
/* End XCConfigurationList section */
	};
	rootObject = CB28A3952C2D471C00F7D1FC /* Project object */;
}
